// !$*UTF8*$!
{
	archiveVersion = 1;
	classes = {
	};
	objectVersion = 46;
	objects = {

/* Begin PBXBuildFile section */
		6499CEF61EBACD4E005C1389 /* AppDelegate.swift in Sources */ = {isa = PBXBuildFile; fileRef = 6499CEF51EBACD4E005C1389 /* AppDelegate.swift */; };
		6499CEF81EBACD4E005C1389 /* ViewController.swift in Sources */ = {isa = PBXBuildFile; fileRef = 6499CEF71EBACD4E005C1389 /* ViewController.swift */; };
		6499CEFB1EBACD4E005C1389 /* Main.storyboard in Resources */ = {isa = PBXBuildFile; fileRef = 6499CEF91EBACD4E005C1389 /* Main.storyboard */; };
		6499CEFD1EBACD4E005C1389 /* Assets.xcassets in Resources */ = {isa = PBXBuildFile; fileRef = 6499CEFC1EBACD4E005C1389 /* Assets.xcassets */; };
		6499CF001EBACD4E005C1389 /* LaunchScreen.storyboard in Resources */ = {isa = PBXBuildFile; fileRef = 6499CEFE1EBACD4E005C1389 /* LaunchScreen.storyboard */; };
/* End PBXBuildFile section */

/* Begin PBXFileReference section */
		6499CEF21EBACD4E005C1389 /* CGAffineTransform.app */ = {isa = PBXFileReference; explicitFileType = wrapper.application; includeInIndex = 0; path = CGAffineTransform.app; sourceTree = BUILT_PRODUCTS_DIR; };
		6499CEF51EBACD4E005C1389 /* AppDelegate.swift */ = {isa = PBXFileReference; lastKnownFileType = sourcecode.swift; path = AppDelegate.swift; sourceTree = "<group>"; };
		6499CEF71EBACD4E005C1389 /* ViewController.swift */ = {isa = PBXFileReference; lastKnownFileType = sourcecode.swift; path = ViewController.swift; sourceTree = "<group>"; };
		6499CEFA1EBACD4E005C1389 /* Base */ = {isa = PBXFileReference; lastKnownFileType = file.storyboard; name = Base; path = Base.lproj/Main.storyboard; sourceTree = "<group>"; };
		6499CEFC1EBACD4E005C1389 /* Assets.xcassets */ = {isa = PBXFileReference; lastKnownFileType = folder.assetcatalog; path = Assets.xcassets; sourceTree = "<group>"; };
		6499CEFF1EBACD4E005C1389 /* Base */ = {isa = PBXFileReference; lastKnownFileType = file.storyboard; name = Base; path = Base.lproj/LaunchScreen.storyboard; sourceTree = "<group>"; };
		6499CF011EBACD4E005C1389 /* Info.plist */ = {isa = PBXFileReference; lastKnownFileType = text.plist.xml; path = Info.plist; sourceTree = "<group>"; };
/* End PBXFileReference section */

/* Begin PBXFrameworksBuildPhase section */
		6499CEEF1EBACD4E005C1389 /* Frameworks */ = {
			isa = PBXFrameworksBuildPhase;
			buildActionMask = 2147483647;
			files = (
			);
			runOnlyForDeploymentPostprocessing = 0;
		};
/* End PBXFrameworksBuildPhase section */

/* Begin PBXGroup section */
		6499CEE91EBACD4E005C1389 = {
			isa = PBXGroup;
			children = (
				6499CEF41EBACD4E005C1389 /* CGAffineTransform */,
				6499CEF31EBACD4E005C1389 /* Products */,
			);
			sourceTree = "<group>";
		};
		6499CEF31EBACD4E005C1389 /* Products */ = {
			isa = PBXGroup;
			children = (
				6499CEF21EBACD4E005C1389 /* CGAffineTransform.app */,
			);
			name = Products;
			sourceTree = "<group>";
		};
		6499CEF41EBACD4E005C1389 /* CGAffineTransform */ = {
			isa = PBXGroup;
			children = (
				6499CEF51EBACD4E005C1389 /* AppDelegate.swift */,
				6499CEF71EBACD4E005C1389 /* ViewController.swift */,
				6499CEF91EBACD4E005C1389 /* Main.storyboard */,
				6499CEFC1EBACD4E005C1389 /* Assets.xcassets */,
				6499CEFE1EBACD4E005C1389 /* LaunchScreen.storyboard */,
				6499CF011EBACD4E005C1389 /* Info.plist */,
			);
			path = CGAffineTransform;
			sourceTree = "<group>";
		};
/* End PBXGroup section */

/* Begin PBXNativeTarget section */
		6499CEF11EBACD4E005C1389 /* CGAffineTransform */ = {
			isa = PBXNativeTarget;
			buildConfigurationList = 6499CF041EBACD4E005C1389 /* Build configuration list for PBXNativeTarget "CGAffineTransform" */;
			buildPhases = (
				6499CEEE1EBACD4E005C1389 /* Sources */,
				6499CEEF1EBACD4E005C1389 /* Frameworks */,
				6499CEF01EBACD4E005C1389 /* Resources */,
			);
			buildRules = (
			);
			dependencies = (
			);
			name = CGAffineTransform;
			productName = CGAffineTransform;
			productReference = 6499CEF21EBACD4E005C1389 /* CGAffineTransform.app */;
			productType = "com.apple.product-type.application";
		};
/* End PBXNativeTarget section */

/* Begin PBXProject section */
		6499CEEA1EBACD4E005C1389 /* Project object */ = {
			isa = PBXProject;
			attributes = {
				LastSwiftUpdateCheck = 0820;
				LastUpgradeCheck = 0820;
				ORGANIZATIONNAME = Mazy;
				TargetAttributes = {
					6499CEF11EBACD4E005C1389 = {
						CreatedOnToolsVersion = 8.2.1;
						ProvisioningStyle = Automatic;
					};
				};
			};
			buildConfigurationList = 6499CEED1EBACD4E005C1389 /* Build configuration list for PBXProject "CGAffineTransform" */;
			compatibilityVersion = "Xcode 3.2";
			developmentRegion = English;
			hasScannedForEncodings = 0;
			knownRegions = (
				en,
				Base,
			);
			mainGroup = 6499CEE91EBACD4E005C1389;
			productRefGroup = 6499CEF31EBACD4E005C1389 /* Products */;
			projectDirPath = "";
			projectRoot = "";
			targets = (
				6499CEF11EBACD4E005C1389 /* CGAffineTransform */,
			);
		};
/* End PBXProject section */

/* Begin PBXResourcesBuildPhase section */
		6499CEF01EBACD4E005C1389 /* Resources */ = {
			isa = PBXResourcesBuildPhase;
			buildActionMask = 2147483647;
			files = (
				6499CF001EBACD4E005C1389 /* LaunchScreen.storyboard in Resources */,
				6499CEFD1EBACD4E005C1389 /* Assets.xcassets in Resources */,
				6499CEFB1EBACD4E005C1389 /* Main.storyboard in Resources */,
			);
			runOnlyForDeploymentPostprocessing = 0;
		};
/* End PBXResourcesBuildPhase section */

/* Begin PBXSourcesBuildPhase section */
		6499CEEE1EBACD4E005C1389 /* Sources */ = {
			isa = PBXSourcesBuildPhase;
			buildActionMask = 2147483647;
			files = (
				6499CEF81EBACD4E005C1389 /* ViewController.swift in Sources */,
				6499CEF61EBACD4E005C1389 /* AppDelegate.swift in Sources */,
			);
			runOnlyForDeploymentPostprocessing = 0;
		};
/* End PBXSourcesBuildPhase section */

/* Begin PBXVariantGroup section */
		6499CEF91EBACD4E005C1389 /* Main.storyboard */ = {
			isa = PBXVariantGroup;
			children = (
				6499CEFA1EBACD4E005C1389 /* Base */,
			);
			name = Main.storyboard;
			sourceTree = "<group>";
		};
		6499CEFE1EBACD4E005C1389 /* LaunchScreen.storyboard */ = {
			isa = PBXVariantGroup;
			children = (
				6499CEFF1EBACD4E005C1389 /* Base */,
			);
			name = LaunchScreen.storyboard;
			sourceTree = "<group>";
		};
/* End PBXVariantGroup section */

/* Begin XCBuildConfiguration section */
		6499CF021EBACD4E005C1389 /* Debug */ = {
			isa = XCBuildConfiguration;
			buildSettings = {
				ALWAYS_SEARCH_USER_PATHS = NO;
				CLANG_ANALYZER_NONNULL = YES;
				CLANG_CXX_LANGUAGE_STANDARD = "gnu++0x";
				CLANG_CXX_LIBRARY = "libc++";
				CLANG_ENABLE_MODULES = YES;
				CLANG_ENABLE_OBJC_ARC = YES;
				CLANG_WARN_BOOL_CONVERSION = YES;
				CLANG_WARN_CONSTANT_CONVERSION = YES;
				CLANG_WARN_DIRECT_OBJC_ISA_USAGE = YES_ERROR;
				CLANG_WARN_DOCUMENTATION_COMMENTS = YES;
				CLANG_WARN_EMPTY_BODY = YES;
				CLANG_WARN_ENUM_CONVERSION = YES;
				CLANG_WARN_INFINITE_RECURSION = YES;
				CLANG_WARN_INT_CONVERSION = YES;
				CLANG_WARN_OBJC_ROOT_CLASS = YES_ERROR;
				CLANG_WARN_SUSPICIOUS_MOVE = YES;
				CLANG_WARN_UNREACHABLE_CODE = YES;
				CLANG_WARN__DUPLICATE_METHOD_MATCH = YES;
				"CODE_SIGN_IDENTITY[sdk=iphoneos*]" = "iPhone Developer";
				COPY_PHASE_STRIP = NO;
				DEBUG_INFORMATION_FORMAT = dwarf;
				ENABLE_STRICT_OBJC_MSGSEND = YES;
				ENABLE_TESTABILITY = YES;
				GCC_C_LANGUAGE_STANDARD = gnu99;
				GCC_DYNAMIC_NO_PIC = NO;
				GCC_NO_COMMON_BLOCKS = YES;
				GCC_OPTIMIZATION_LEVEL = 0;
				GCC_PREPROCESSOR_DEFINITIONS = (
					"DEBUG=1",
					"$(inherited)",
				);
				GCC_WARN_64_TO_32_BIT_CONVERSION = YES;
				GCC_WARN_ABOUT_RETURN_TYPE = YES_ERROR;
				GCC_WARN_UNDECLARED_SELECTOR = YES;
				GCC_WARN_UNINITIALIZED_AUTOS = YES_AGGRESSIVE;
				GCC_WARN_UNUSED_FUNCTION = YES;
				GCC_WARN_UNUSED_VARIABLE = YES;
				IPHONEOS_DEPLOYMENT_TARGET = 10.2;
				MTL_ENABLE_DEBUG_INFO = YES;
				ONLY_ACTIVE_ARCH = YES;
				SDKROOT = iphoneos;
				SWIFT_ACTIVE_COMPILATION_CONDITIONS = DEBUG;
				SWIFT_OPTIMIZATION_LEVEL = "-Onone";
			};
			name = Debug;
		};
		6499CF031EBACD4E005C1389 /* Release */ = {
			isa = XCBuildConfiguration;
			buildSettings = {
				ALWAYS_SEARCH_USER_PATHS = NO;
				CLANG_ANALYZER_NONNULL = YES;
				CLANG_CXX_LANGUAGE_STANDARD = "gnu++0x";
				CLANG_CXX_LIBRARY = "libc++";
				CLANG_ENABLE_MODULES = YES;
				CLANG_ENABLE_OBJC_ARC = YES;
				CLANG_WARN_BOOL_CONVERSION = YES;
				CLANG_WARN_CONSTANT_CONVERSION = YES;
				CLANG_WARN_DIRECT_OBJC_ISA_USAGE = YES_ERROR;
				CLANG_WARN_DOCUMENTATION_COMMENTS = YES;
				CLANG_WARN_EMPTY_BODY = YES;
				CLANG_WARN_ENUM_CONVERSION = YES;
				CLANG_WARN_INFINITE_RECURSION = YES;
				CLANG_WARN_INT_CONVERSION = YES;
				CLANG_WARN_OBJC_ROOT_CLASS = YES_ERROR;
				CLANG_WARN_SUSPICIOUS_MOVE = YES;
				CLANG_WARN_UNREACHABLE_CODE = YES;
				CLANG_WARN__DUPLICATE_METHOD_MATCH = YES;
				"CODE_SIGN_IDENTITY[sdk=iphoneos*]" = "iPhone Developer";
				COPY_PHASE_STRIP = NO;
				DEBUG_INFORMATION_FORMAT = "dwarf-with-dsym";
				ENABLE_NS_ASSERTIONS = NO;
				ENABLE_STRICT_OBJC_MSGSEND = YES;
				GCC_C_LANGUAGE_STANDARD = gnu99;
				GCC_NO_COMMON_BLOCKS = YES;
				GCC_WARN_64_TO_32_BIT_CONVERSION = YES;
				GCC_WARN_ABOUT_RETURN_TYPE = YES_ERROR;
				GCC_WARN_UNDECLARED_SELECTOR = YES;
				GCC_WARN_UNINITIALIZED_AUTOS = YES_AGGRESSIVE;
				GCC_WARN_UNUSED_FUNCTION = YES;
				GCC_WARN_UNUSED_VARIABLE = YES;
				IPHONEOS_DEPLOYMENT_TARGET = 10.2;
				MTL_ENABLE_DEBUG_INFO = NO;
				SDKROOT = iphoneos;
				SWIFT_OPTIMIZATION_LEVEL = "-Owholemodule";
				VALIDATE_PRODUCT = YES;
			};
			name = Release;
		};
		6499CF051EBACD4E005C1389 /* Debug */ = {
			isa = XCBuildConfiguration;
			buildSettings = {
				ASSETCATALOG_COMPILER_APPICON_NAME = AppIcon;
				INFOPLIST_FILE = CGAffineTransform/Info.plist;
				IPHONEOS_DEPLOYMENT_TARGET = 9.1;
				LD_RUNPATH_SEARCH_PATHS = "$(inherited) @executable_path/Frameworks";
				PRODUCT_BUNDLE_IDENTIFIER = Mazy.CGAffineTransform;
				PRODUCT_NAME = "$(TARGET_NAME)";
				SWIFT_VERSION = 3.0;
			};
			name = Debug;
		};
		6499CF061EBACD4E005C1389 /* Release */ = {
			isa = XCBuildConfiguration;
			buildSettings = {
				ASSETCATALOG_COMPILER_APPICON_NAME = AppIcon;
				INFOPLIST_FILE = CGAffineTransform/Info.plist;
				IPHONEOS_DEPLOYMENT_TARGET = 9.1;
				LD_RUNPATH_SEARCH_PATHS = "$(inherited) @executable_path/Frameworks";
				PRODUCT_BUNDLE_IDENTIFIER = Mazy.CGAffineTransform;
				PRODUCT_NAME = "$(TARGET_NAME)";
				SWIFT_VERSION = 3.0;
			};
			name = Release;
		};
/* End XCBuildConfiguration section */

/* Begin XCConfigurationList section */
		6499CEED1EBACD4E005C1389 /* Build configuration list for PBXProject "CGAffineTransform" */ = {
			isa = XCConfigurationList;
			buildConfigurations = (
				6499CF021EBACD4E005C1389 /* Debug */,
				6499CF031EBACD4E005C1389 /* Release */,
			);
			defaultConfigurationIsVisible = 0;
			defaultConfigurationName = Release;
		};
		6499CF041EBACD4E005C1389 /* Build configuration list for PBXNativeTarget "CGAffineTransform" */ = {
			isa = XCConfigurationList;
			buildConfigurations = (
				6499CF051EBACD4E005C1389 /* Debug */,
				6499CF061EBACD4E005C1389 /* Release */,
			);
			defaultConfigurationIsVisible = 0;
			defaultConfigurationName = Release;
		};
/* End XCConfigurationList section */
	};
	rootObject = 6499CEEA1EBACD4E005C1389 /* Project object */;
}
