// !$*UTF8*$!
{
	archiveVersion = 1;
	classes = {
	};
	objectVersion = 46;
	objects = {

/* Begin PBXBuildFile section */
		6405AC911EC2A1100089FCCF /* AppDelegate.swift in Sources */ = {isa = PBXBuildFile; fileRef = 6405AC901EC2A1100089FCCF /* AppDelegate.swift */; };
		6405AC931EC2A1100089FCCF /* ViewController.swift in Sources */ = {isa = PBXBuildFile; fileRef = 6405AC921EC2A1100089FCCF /* ViewController.swift */; };
		6405AC961EC2A1100089FCCF /* Main.storyboard in Resources */ = {isa = PBXBuildFile; fileRef = 6405AC941EC2A1100089FCCF /* Main.storyboard */; };
		6405AC981EC2A1100089FCCF /* Assets.xcassets in Resources */ = {isa = PBXBuildFile; fileRef = 6405AC971EC2A1100089FCCF /* Assets.xcassets */; };
		6405AC9B1EC2A1100089FCCF /* LaunchScreen.storyboard in Resources */ = {isa = PBXBuildFile; fileRef = 6405AC991EC2A1100089FCCF /* LaunchScreen.storyboard */; };
/* End PBXBuildFile section */

/* Begin PBXFileReference section */
		6405AC8D1EC2A1100089FCCF /* CAScrollLayer.app */ = {isa = PBXFileReference; explicitFileType = wrapper.application; includeInIndex = 0; path = CAScrollLayer.app; sourceTree = BUILT_PRODUCTS_DIR; };
		6405AC901EC2A1100089FCCF /* AppDelegate.swift */ = {isa = PBXFileReference; lastKnownFileType = sourcecode.swift; path = AppDelegate.swift; sourceTree = "<group>"; };
		6405AC921EC2A1100089FCCF /* ViewController.swift */ = {isa = PBXFileReference; lastKnownFileType = sourcecode.swift; path = ViewController.swift; sourceTree = "<group>"; };
		6405AC951EC2A1100089FCCF /* Base */ = {isa = PBXFileReference; lastKnownFileType = file.storyboard; name = Base; path = Base.lproj/Main.storyboard; sourceTree = "<group>"; };
		6405AC971EC2A1100089FCCF /* Assets.xcassets */ = {isa = PBXFileReference; lastKnownFileType = folder.assetcatalog; path = Assets.xcassets; sourceTree = "<group>"; };
		6405AC9A1EC2A1100089FCCF /* Base */ = {isa = PBXFileReference; lastKnownFileType = file.storyboard; name = Base; path = Base.lproj/LaunchScreen.storyboard; sourceTree = "<group>"; };
		6405AC9C1EC2A1100089FCCF /* Info.plist */ = {isa = PBXFileReference; lastKnownFileType = text.plist.xml; path = Info.plist; sourceTree = "<group>"; };
/* End PBXFileReference section */

/* Begin PBXFrameworksBuildPhase section */
		6405AC8A1EC2A1100089FCCF /* Frameworks */ = {
			isa = PBXFrameworksBuildPhase;
			buildActionMask = 2147483647;
			files = (
			);
			runOnlyForDeploymentPostprocessing = 0;
		};
/* End PBXFrameworksBuildPhase section */

/* Begin PBXGroup section */
		6405AC841EC2A10F0089FCCF = {
			isa = PBXGroup;
			children = (
				6405AC8F1EC2A1100089FCCF /* CAScrollLayer */,
				6405AC8E1EC2A1100089FCCF /* Products */,
			);
			sourceTree = "<group>";
		};
		6405AC8E1EC2A1100089FCCF /* Products */ = {
			isa = PBXGroup;
			children = (
				6405AC8D1EC2A1100089FCCF /* CAScrollLayer.app */,
			);
			name = Products;
			sourceTree = "<group>";
		};
		6405AC8F1EC2A1100089FCCF /* CAScrollLayer */ = {
			isa = PBXGroup;
			children = (
				6405AC901EC2A1100089FCCF /* AppDelegate.swift */,
				6405AC921EC2A1100089FCCF /* ViewController.swift */,
				6405AC941EC2A1100089FCCF /* Main.storyboard */,
				6405AC971EC2A1100089FCCF /* Assets.xcassets */,
				6405AC991EC2A1100089FCCF /* LaunchScreen.storyboard */,
				6405AC9C1EC2A1100089FCCF /* Info.plist */,
			);
			path = CAScrollLayer;
			sourceTree = "<group>";
		};
/* End PBXGroup section */

/* Begin PBXNativeTarget section */
		6405AC8C1EC2A1100089FCCF /* CAScrollLayer */ = {
			isa = PBXNativeTarget;
			buildConfigurationList = 6405AC9F1EC2A1100089FCCF /* Build configuration list for PBXNativeTarget "CAScrollLayer" */;
			buildPhases = (
				6405AC891EC2A1100089FCCF /* Sources */,
				6405AC8A1EC2A1100089FCCF /* Frameworks */,
				6405AC8B1EC2A1100089FCCF /* Resources */,
			);
			buildRules = (
			);
			dependencies = (
			);
			name = CAScrollLayer;
			productName = CAScrollLayer;
			productReference = 6405AC8D1EC2A1100089FCCF /* CAScrollLayer.app */;
			productType = "com.apple.product-type.application";
		};
/* End PBXNativeTarget section */

/* Begin PBXProject section */
		6405AC851EC2A10F0089FCCF /* Project object */ = {
			isa = PBXProject;
			attributes = {
				LastSwiftUpdateCheck = 0820;
				LastUpgradeCheck = 0820;
				ORGANIZATIONNAME = Mazy;
				TargetAttributes = {
					6405AC8C1EC2A1100089FCCF = {
						CreatedOnToolsVersion = 8.2.1;
						ProvisioningStyle = Automatic;
					};
				};
			};
			buildConfigurationList = 6405AC881EC2A10F0089FCCF /* Build configuration list for PBXProject "CAScrollLayer" */;
			compatibilityVersion = "Xcode 3.2";
			developmentRegion = English;
			hasScannedForEncodings = 0;
			knownRegions = (
				en,
				Base,
			);
			mainGroup = 6405AC841EC2A10F0089FCCF;
			productRefGroup = 6405AC8E1EC2A1100089FCCF /* Products */;
			projectDirPath = "";
			projectRoot = "";
			targets = (
				6405AC8C1EC2A1100089FCCF /* CAScrollLayer */,
			);
		};
/* End PBXProject section */

/* Begin PBXResourcesBuildPhase section */
		6405AC8B1EC2A1100089FCCF /* Resources */ = {
			isa = PBXResourcesBuildPhase;
			buildActionMask = 2147483647;
			files = (
				6405AC9B1EC2A1100089FCCF /* LaunchScreen.storyboard in Resources */,
				6405AC981EC2A1100089FCCF /* Assets.xcassets in Resources */,
				6405AC961EC2A1100089FCCF /* Main.storyboard in Resources */,
			);
			runOnlyForDeploymentPostprocessing = 0;
		};
/* End PBXResourcesBuildPhase section */

/* Begin PBXSourcesBuildPhase section */
		6405AC891EC2A1100089FCCF /* Sources */ = {
			isa = PBXSourcesBuildPhase;
			buildActionMask = 2147483647;
			files = (
				6405AC931EC2A1100089FCCF /* ViewController.swift in Sources */,
				6405AC911EC2A1100089FCCF /* AppDelegate.swift in Sources */,
			);
			runOnlyForDeploymentPostprocessing = 0;
		};
/* End PBXSourcesBuildPhase section */

/* Begin PBXVariantGroup section */
		6405AC941EC2A1100089FCCF /* Main.storyboard */ = {
			isa = PBXVariantGroup;
			children = (
				6405AC951EC2A1100089FCCF /* Base */,
			);
			name = Main.storyboard;
			sourceTree = "<group>";
		};
		6405AC991EC2A1100089FCCF /* LaunchScreen.storyboard */ = {
			isa = PBXVariantGroup;
			children = (
				6405AC9A1EC2A1100089FCCF /* Base */,
			);
			name = LaunchScreen.storyboard;
			sourceTree = "<group>";
		};
/* End PBXVariantGroup section */

/* Begin XCBuildConfiguration section */
		6405AC9D1EC2A1100089FCCF /* Debug */ = {
			isa = XCBuildConfiguration;
			buildSettings = {
				ALWAYS_SEARCH_USER_PATHS = NO;
				CLANG_ANALYZER_NONNULL = YES;
				CLANG_CXX_LANGUAGE_STANDARD = "gnu++0x";
				CLANG_CXX_LIBRARY = "libc++";
				CLANG_ENABLE_MODULES = YES;
				CLANG_ENABLE_OBJC_ARC = YES;
				CLANG_WARN_BOOL_CONVERSION = YES;
				CLANG_WARN_CONSTANT_CONVERSION = YES;
				CLANG_WARN_DIRECT_OBJC_ISA_USAGE = YES_ERROR;
				CLANG_WARN_DOCUMENTATION_COMMENTS = YES;
				CLANG_WARN_EMPTY_BODY = YES;
				CLANG_WARN_ENUM_CONVERSION = YES;
				CLANG_WARN_INFINITE_RECURSION = YES;
				CLANG_WARN_INT_CONVERSION = YES;
				CLANG_WARN_OBJC_ROOT_CLASS = YES_ERROR;
				CLANG_WARN_SUSPICIOUS_MOVE = YES;
				CLANG_WARN_UNREACHABLE_CODE = YES;
				CLANG_WARN__DUPLICATE_METHOD_MATCH = YES;
				"CODE_SIGN_IDENTITY[sdk=iphoneos*]" = "iPhone Developer";
				COPY_PHASE_STRIP = NO;
				DEBUG_INFORMATION_FORMAT = dwarf;
				ENABLE_STRICT_OBJC_MSGSEND = YES;
				ENABLE_TESTABILITY = YES;
				GCC_C_LANGUAGE_STANDARD = gnu99;
				GCC_DYNAMIC_NO_PIC = NO;
				GCC_NO_COMMON_BLOCKS = YES;
				GCC_OPTIMIZATION_LEVEL = 0;
				GCC_PREPROCESSOR_DEFINITIONS = (
					"DEBUG=1",
					"$(inherited)",
				);
				GCC_WARN_64_TO_32_BIT_CONVERSION = YES;
				GCC_WARN_ABOUT_RETURN_TYPE = YES_ERROR;
				GCC_WARN_UNDECLARED_SELECTOR = YES;
				GCC_WARN_UNINITIALIZED_AUTOS = YES_AGGRESSIVE;
				GCC_WARN_UNUSED_FUNCTION = YES;
				GCC_WARN_UNUSED_VARIABLE = YES;
				IPHONEOS_DEPLOYMENT_TARGET = 10.2;
				MTL_ENABLE_DEBUG_INFO = YES;
				ONLY_ACTIVE_ARCH = YES;
				SDKROOT = iphoneos;
				SWIFT_ACTIVE_COMPILATION_CONDITIONS = DEBUG;
				SWIFT_OPTIMIZATION_LEVEL = "-Onone";
			};
			name = Debug;
		};
		6405AC9E1EC2A1100089FCCF /* Release */ = {
			isa = XCBuildConfiguration;
			buildSettings = {
				ALWAYS_SEARCH_USER_PATHS = NO;
				CLANG_ANALYZER_NONNULL = YES;
				CLANG_CXX_LANGUAGE_STANDARD = "gnu++0x";
				CLANG_CXX_LIBRARY = "libc++";
				CLANG_ENABLE_MODULES = YES;
				CLANG_ENABLE_OBJC_ARC = YES;
				CLANG_WARN_BOOL_CONVERSION = YES;
				CLANG_WARN_CONSTANT_CONVERSION = YES;
				CLANG_WARN_DIRECT_OBJC_ISA_USAGE = YES_ERROR;
				CLANG_WARN_DOCUMENTATION_COMMENTS = YES;
				CLANG_WARN_EMPTY_BODY = YES;
				CLANG_WARN_ENUM_CONVERSION = YES;
				CLANG_WARN_INFINITE_RECURSION = YES;
				CLANG_WARN_INT_CONVERSION = YES;
				CLANG_WARN_OBJC_ROOT_CLASS = YES_ERROR;
				CLANG_WARN_SUSPICIOUS_MOVE = YES;
				CLANG_WARN_UNREACHABLE_CODE = YES;
				CLANG_WARN__DUPLICATE_METHOD_MATCH = YES;
				"CODE_SIGN_IDENTITY[sdk=iphoneos*]" = "iPhone Developer";
				COPY_PHASE_STRIP = NO;
				DEBUG_INFORMATION_FORMAT = "dwarf-with-dsym";
				ENABLE_NS_ASSERTIONS = NO;
				ENABLE_STRICT_OBJC_MSGSEND = YES;
				GCC_C_LANGUAGE_STANDARD = gnu99;
				GCC_NO_COMMON_BLOCKS = YES;
				GCC_WARN_64_TO_32_BIT_CONVERSION = YES;
				GCC_WARN_ABOUT_RETURN_TYPE = YES_ERROR;
				GCC_WARN_UNDECLARED_SELECTOR = YES;
				GCC_WARN_UNINITIALIZED_AUTOS = YES_AGGRESSIVE;
				GCC_WARN_UNUSED_FUNCTION = YES;
				GCC_WARN_UNUSED_VARIABLE = YES;
				IPHONEOS_DEPLOYMENT_TARGET = 10.2;
				MTL_ENABLE_DEBUG_INFO = NO;
				SDKROOT = iphoneos;
				SWIFT_OPTIMIZATION_LEVEL = "-Owholemodule";
				VALIDATE_PRODUCT = YES;
			};
			name = Release;
		};
		6405ACA01EC2A1100089FCCF /* Debug */ = {
			isa = XCBuildConfiguration;
			buildSettings = {
				ASSETCATALOG_COMPILER_APPICON_NAME = AppIcon;
				INFOPLIST_FILE = CAScrollLayer/Info.plist;
				LD_RUNPATH_SEARCH_PATHS = "$(inherited) @executable_path/Frameworks";
				PRODUCT_BUNDLE_IDENTIFIER = Mazy.CAScrollLayer;
				PRODUCT_NAME = "$(TARGET_NAME)";
				SWIFT_VERSION = 3.0;
			};
			name = Debug;
		};
		6405ACA11EC2A1100089FCCF /* Release */ = {
			isa = XCBuildConfiguration;
			buildSettings = {
				ASSETCATALOG_COMPILER_APPICON_NAME = AppIcon;
				INFOPLIST_FILE = CAScrollLayer/Info.plist;
				LD_RUNPATH_SEARCH_PATHS = "$(inherited) @executable_path/Frameworks";
				PRODUCT_BUNDLE_IDENTIFIER = Mazy.CAScrollLayer;
				PRODUCT_NAME = "$(TARGET_NAME)";
				SWIFT_VERSION = 3.0;
			};
			name = Release;
		};
/* End XCBuildConfiguration section */

/* Begin XCConfigurationList section */
		6405AC881EC2A10F0089FCCF /* Build configuration list for PBXProject "CAScrollLayer" */ = {
			isa = XCConfigurationList;
			buildConfigurations = (
				6405AC9D1EC2A1100089FCCF /* Debug */,
				6405AC9E1EC2A1100089FCCF /* Release */,
			);
			defaultConfigurationIsVisible = 0;
			defaultConfigurationName = Release;
		};
		6405AC9F1EC2A1100089FCCF /* Build configuration list for PBXNativeTarget "CAScrollLayer" */ = {
			isa = XCConfigurationList;
			buildConfigurations = (
				6405ACA01EC2A1100089FCCF /* Debug */,
				6405ACA11EC2A1100089FCCF /* Release */,
			);
			defaultConfigurationIsVisible = 0;
		};
/* End XCConfigurationList section */
	};
	rootObject = 6405AC851EC2A10F0089FCCF /* Project object */;
}
