// !$*UTF8*$!
{
	archiveVersion = 1;
	classes = {
	};
	objectVersion = 46;
	objects = {

/* Begin PBXBuildFile section */
		21B840931ECBE41900509C8B /* AppDelegate.swift in Sources */ = {isa = PBXBuildFile; fileRef = 21B840921ECBE41900509C8B /* AppDelegate.swift */; };
		21B840981ECBE41900509C8B /* Main.storyboard in Resources */ = {isa = PBXBuildFile; fileRef = 21B840961ECBE41900509C8B /* Main.storyboard */; };
		21B8409A1ECBE41900509C8B /* Assets.xcassets in Resources */ = {isa = PBXBuildFile; fileRef = 21B840991ECBE41900509C8B /* Assets.xcassets */; };
		21B8409D1ECBE41900509C8B /* LaunchScreen.storyboard in Resources */ = {isa = PBXBuildFile; fileRef = 21B8409B1ECBE41900509C8B /* LaunchScreen.storyboard */; };
		21B840A51ECBE63B00509C8B /* Duration_repeatController.swift in Sources */ = {isa = PBXBuildFile; fileRef = 21B840A41ECBE63B00509C8B /* Duration_repeatController.swift */; };
		21B840A71ECBE65400509C8B /* DoorAnimationController.swift in Sources */ = {isa = PBXBuildFile; fileRef = 21B840A61ECBE65400509C8B /* DoorAnimationController.swift */; };
		21B840A91ECBE67900509C8B /* TimeOffsetViewController.swift in Sources */ = {isa = PBXBuildFile; fileRef = 21B840A81ECBE67900509C8B /* TimeOffsetViewController.swift */; };
		21B840AD1ECBFCFA00509C8B /* MainTableViewController.swift in Sources */ = {isa = PBXBuildFile; fileRef = 21B840AC1ECBFCFA00509C8B /* MainTableViewController.swift */; };
		21B840B21ECC019700509C8B /* CAMediaTiming1.gif in Resources */ = {isa = PBXBuildFile; fileRef = 21B840AE1ECC019700509C8B /* CAMediaTiming1.gif */; };
		21B840B31ECC019700509C8B /* CAMediaTiming2.gif in Resources */ = {isa = PBXBuildFile; fileRef = 21B840AF1ECC019700509C8B /* CAMediaTiming2.gif */; };
		21B840B41ECC019700509C8B /* CAMediaTiming3.gif in Resources */ = {isa = PBXBuildFile; fileRef = 21B840B01ECC019700509C8B /* CAMediaTiming3.gif */; };
		21B840B51ECC019700509C8B /* CAMediaTiming4.gif in Resources */ = {isa = PBXBuildFile; fileRef = 21B840B11ECC019700509C8B /* CAMediaTiming4.gif */; };
/* End PBXBuildFile section */

/* Begin PBXFileReference section */
		21B8408F1ECBE41900509C8B /* CAMediaTiming.app */ = {isa = PBXFileReference; explicitFileType = wrapper.application; includeInIndex = 0; path = CAMediaTiming.app; sourceTree = BUILT_PRODUCTS_DIR; };
		21B840921ECBE41900509C8B /* AppDelegate.swift */ = {isa = PBXFileReference; lastKnownFileType = sourcecode.swift; path = AppDelegate.swift; sourceTree = "<group>"; };
		21B840971ECBE41900509C8B /* Base */ = {isa = PBXFileReference; lastKnownFileType = file.storyboard; name = Base; path = Base.lproj/Main.storyboard; sourceTree = "<group>"; };
		21B840991ECBE41900509C8B /* Assets.xcassets */ = {isa = PBXFileReference; lastKnownFileType = folder.assetcatalog; path = Assets.xcassets; sourceTree = "<group>"; };
		21B8409C1ECBE41900509C8B /* Base */ = {isa = PBXFileReference; lastKnownFileType = file.storyboard; name = Base; path = Base.lproj/LaunchScreen.storyboard; sourceTree = "<group>"; };
		21B8409E1ECBE41900509C8B /* Info.plist */ = {isa = PBXFileReference; lastKnownFileType = text.plist.xml; path = Info.plist; sourceTree = "<group>"; };
		21B840A41ECBE63B00509C8B /* Duration_repeatController.swift */ = {isa = PBXFileReference; fileEncoding = 4; lastKnownFileType = sourcecode.swift; path = Duration_repeatController.swift; sourceTree = "<group>"; };
		21B840A61ECBE65400509C8B /* DoorAnimationController.swift */ = {isa = PBXFileReference; fileEncoding = 4; lastKnownFileType = sourcecode.swift; path = DoorAnimationController.swift; sourceTree = "<group>"; };
		21B840A81ECBE67900509C8B /* TimeOffsetViewController.swift */ = {isa = PBXFileReference; fileEncoding = 4; lastKnownFileType = sourcecode.swift; path = TimeOffsetViewController.swift; sourceTree = "<group>"; };
		21B840AC1ECBFCFA00509C8B /* MainTableViewController.swift */ = {isa = PBXFileReference; fileEncoding = 4; lastKnownFileType = sourcecode.swift; path = MainTableViewController.swift; sourceTree = "<group>"; };
		21B840AE1ECC019700509C8B /* CAMediaTiming1.gif */ = {isa = PBXFileReference; lastKnownFileType = image.gif; path = CAMediaTiming1.gif; sourceTree = "<group>"; };
		21B840AF1ECC019700509C8B /* CAMediaTiming2.gif */ = {isa = PBXFileReference; lastKnownFileType = image.gif; path = CAMediaTiming2.gif; sourceTree = "<group>"; };
		21B840B01ECC019700509C8B /* CAMediaTiming3.gif */ = {isa = PBXFileReference; lastKnownFileType = image.gif; path = CAMediaTiming3.gif; sourceTree = "<group>"; };
		21B840B11ECC019700509C8B /* CAMediaTiming4.gif */ = {isa = PBXFileReference; lastKnownFileType = image.gif; path = CAMediaTiming4.gif; sourceTree = "<group>"; };
/* End PBXFileReference section */

/* Begin PBXFrameworksBuildPhase section */
		21B8408C1ECBE41900509C8B /* Frameworks */ = {
			isa = PBXFrameworksBuildPhase;
			buildActionMask = 2147483647;
			files = (
			);
			runOnlyForDeploymentPostprocessing = 0;
		};
/* End PBXFrameworksBuildPhase section */

/* Begin PBXGroup section */
		21B840861ECBE41900509C8B = {
			isa = PBXGroup;
			children = (
				21B840911ECBE41900509C8B /* CAMediaTiming */,
				21B840901ECBE41900509C8B /* Products */,
			);
			sourceTree = "<group>";
		};
		21B840901ECBE41900509C8B /* Products */ = {
			isa = PBXGroup;
			children = (
				21B8408F1ECBE41900509C8B /* CAMediaTiming.app */,
			);
			name = Products;
			sourceTree = "<group>";
		};
		21B840911ECBE41900509C8B /* CAMediaTiming */ = {
			isa = PBXGroup;
			children = (
				21B840921ECBE41900509C8B /* AppDelegate.swift */,
				21B840AC1ECBFCFA00509C8B /* MainTableViewController.swift */,
				21B840A41ECBE63B00509C8B /* Duration_repeatController.swift */,
				21B840A61ECBE65400509C8B /* DoorAnimationController.swift */,
				21B840A81ECBE67900509C8B /* TimeOffsetViewController.swift */,
				21B840961ECBE41900509C8B /* Main.storyboard */,
				21B840991ECBE41900509C8B /* Assets.xcassets */,
				21B840AE1ECC019700509C8B /* CAMediaTiming1.gif */,
				21B840AF1ECC019700509C8B /* CAMediaTiming2.gif */,
				21B840B01ECC019700509C8B /* CAMediaTiming3.gif */,
				21B840B11ECC019700509C8B /* CAMediaTiming4.gif */,
				21B8409B1ECBE41900509C8B /* LaunchScreen.storyboard */,
				21B8409E1ECBE41900509C8B /* Info.plist */,
			);
			path = CAMediaTiming;
			sourceTree = "<group>";
		};
/* End PBXGroup section */

/* Begin PBXNativeTarget section */
		21B8408E1ECBE41900509C8B /* CAMediaTiming */ = {
			isa = PBXNativeTarget;
			buildConfigurationList = 21B840A11ECBE41900509C8B /* Build configuration list for PBXNativeTarget "CAMediaTiming" */;
			buildPhases = (
				21B8408B1ECBE41900509C8B /* Sources */,
				21B8408C1ECBE41900509C8B /* Frameworks */,
				21B8408D1ECBE41900509C8B /* Resources */,
			);
			buildRules = (
			);
			dependencies = (
			);
			name = CAMediaTiming;
			productName = CAMediaTiming;
			productReference = 21B8408F1ECBE41900509C8B /* CAMediaTiming.app */;
			productType = "com.apple.product-type.application";
		};
/* End PBXNativeTarget section */

/* Begin PBXProject section */
		21B840871ECBE41900509C8B /* Project object */ = {
			isa = PBXProject;
			attributes = {
				LastSwiftUpdateCheck = 0820;
				LastUpgradeCheck = 1200;
				ORGANIZATIONNAME = Mazy;
				TargetAttributes = {
					21B8408E1ECBE41900509C8B = {
						CreatedOnToolsVersion = 8.2.1;
						ProvisioningStyle = Automatic;
					};
				};
			};
			buildConfigurationList = 21B8408A1ECBE41900509C8B /* Build configuration list for PBXProject "CAMediaTiming" */;
			compatibilityVersion = "Xcode 3.2";
			developmentRegion = en;
			hasScannedForEncodings = 0;
			knownRegions = (
				en,
				Base,
			);
			mainGroup = 21B840861ECBE41900509C8B;
			productRefGroup = 21B840901ECBE41900509C8B /* Products */;
			projectDirPath = "";
			projectRoot = "";
			targets = (
				21B8408E1ECBE41900509C8B /* CAMediaTiming */,
			);
		};
/* End PBXProject section */

/* Begin PBXResourcesBuildPhase section */
		21B8408D1ECBE41900509C8B /* Resources */ = {
			isa = PBXResourcesBuildPhase;
			buildActionMask = 2147483647;
			files = (
				21B8409D1ECBE41900509C8B /* LaunchScreen.storyboard in Resources */,
				21B840B51ECC019700509C8B /* CAMediaTiming4.gif in Resources */,
				21B8409A1ECBE41900509C8B /* Assets.xcassets in Resources */,
				21B840981ECBE41900509C8B /* Main.storyboard in Resources */,
				21B840B21ECC019700509C8B /* CAMediaTiming1.gif in Resources */,
				21B840B31ECC019700509C8B /* CAMediaTiming2.gif in Resources */,
				21B840B41ECC019700509C8B /* CAMediaTiming3.gif in Resources */,
			);
			runOnlyForDeploymentPostprocessing = 0;
		};
/* End PBXResourcesBuildPhase section */

/* Begin PBXSourcesBuildPhase section */
		21B8408B1ECBE41900509C8B /* Sources */ = {
			isa = PBXSourcesBuildPhase;
			buildActionMask = 2147483647;
			files = (
				21B840A91ECBE67900509C8B /* TimeOffsetViewController.swift in Sources */,
				21B840A71ECBE65400509C8B /* DoorAnimationController.swift in Sources */,
				21B840A51ECBE63B00509C8B /* Duration_repeatController.swift in Sources */,
				21B840AD1ECBFCFA00509C8B /* MainTableViewController.swift in Sources */,
				21B840931ECBE41900509C8B /* AppDelegate.swift in Sources */,
			);
			runOnlyForDeploymentPostprocessing = 0;
		};
/* End PBXSourcesBuildPhase section */

/* Begin PBXVariantGroup section */
		21B840961ECBE41900509C8B /* Main.storyboard */ = {
			isa = PBXVariantGroup;
			children = (
				21B840971ECBE41900509C8B /* Base */,
			);
			name = Main.storyboard;
			sourceTree = "<group>";
		};
		21B8409B1ECBE41900509C8B /* LaunchScreen.storyboard */ = {
			isa = PBXVariantGroup;
			children = (
				21B8409C1ECBE41900509C8B /* Base */,
			);
			name = LaunchScreen.storyboard;
			sourceTree = "<group>";
		};
/* End PBXVariantGroup section */

/* Begin XCBuildConfiguration section */
		21B8409F1ECBE41900509C8B /* Debug */ = {
			isa = XCBuildConfiguration;
			buildSettings = {
				ALWAYS_SEARCH_USER_PATHS = NO;
				CLANG_ANALYZER_LOCALIZABILITY_NONLOCALIZED = YES;
				CLANG_ANALYZER_NONNULL = YES;
				CLANG_CXX_LANGUAGE_STANDARD = "gnu++0x";
				CLANG_CXX_LIBRARY = "libc++";
				CLANG_ENABLE_MODULES = YES;
				CLANG_ENABLE_OBJC_ARC = YES;
				CLANG_WARN_BLOCK_CAPTURE_AUTORELEASING = YES;
				CLANG_WARN_BOOL_CONVERSION = YES;
				CLANG_WARN_COMMA = YES;
				CLANG_WARN_CONSTANT_CONVERSION = YES;
				CLANG_WARN_DEPRECATED_OBJC_IMPLEMENTATIONS = YES;
				CLANG_WARN_DIRECT_OBJC_ISA_USAGE = YES_ERROR;
				CLANG_WARN_DOCUMENTATION_COMMENTS = YES;
				CLANG_WARN_EMPTY_BODY = YES;
				CLANG_WARN_ENUM_CONVERSION = YES;
				CLANG_WARN_INFINITE_RECURSION = YES;
				CLANG_WARN_INT_CONVERSION = YES;
				CLANG_WARN_NON_LITERAL_NULL_CONVERSION = YES;
				CLANG_WARN_OBJC_IMPLICIT_RETAIN_SELF = YES;
				CLANG_WARN_OBJC_LITERAL_CONVERSION = YES;
				CLANG_WARN_OBJC_ROOT_CLASS = YES_ERROR;
				CLANG_WARN_QUOTED_INCLUDE_IN_FRAMEWORK_HEADER = YES;
				CLANG_WARN_RANGE_LOOP_ANALYSIS = YES;
				CLANG_WARN_STRICT_PROTOTYPES = YES;
				CLANG_WARN_SUSPICIOUS_MOVE = YES;
				CLANG_WARN_UNREACHABLE_CODE = YES;
				CLANG_WARN__DUPLICATE_METHOD_MATCH = YES;
				"CODE_SIGN_IDENTITY[sdk=iphoneos*]" = "iPhone Developer";
				COPY_PHASE_STRIP = NO;
				DEBUG_INFORMATION_FORMAT = dwarf;
				ENABLE_STRICT_OBJC_MSGSEND = YES;
				ENABLE_TESTABILITY = YES;
				GCC_C_LANGUAGE_STANDARD = gnu99;
				GCC_DYNAMIC_NO_PIC = NO;
				GCC_NO_COMMON_BLOCKS = YES;
				GCC_OPTIMIZATION_LEVEL = 0;
				GCC_PREPROCESSOR_DEFINITIONS = (
					"DEBUG=1",
					"$(inherited)",
				);
				GCC_WARN_64_TO_32_BIT_CONVERSION = YES;
				GCC_WARN_ABOUT_RETURN_TYPE = YES_ERROR;
				GCC_WARN_UNDECLARED_SELECTOR = YES;
				GCC_WARN_UNINITIALIZED_AUTOS = YES_AGGRESSIVE;
				GCC_WARN_UNUSED_FUNCTION = YES;
				GCC_WARN_UNUSED_VARIABLE = YES;
				IPHONEOS_DEPLOYMENT_TARGET = 12.0;
				MTL_ENABLE_DEBUG_INFO = YES;
				ONLY_ACTIVE_ARCH = YES;
				SDKROOT = iphoneos;
				SWIFT_ACTIVE_COMPILATION_CONDITIONS = DEBUG;
				SWIFT_OPTIMIZATION_LEVEL = "-Onone";
				TARGETED_DEVICE_FAMILY = "1,2";
			};
			name = Debug;
		};
		21B840A01ECBE41900509C8B /* Release */ = {
			isa = XCBuildConfiguration;
			buildSettings = {
				ALWAYS_SEARCH_USER_PATHS = NO;
				CLANG_ANALYZER_LOCALIZABILITY_NONLOCALIZED = YES;
				CLANG_ANALYZER_NONNULL = YES;
				CLANG_CXX_LANGUAGE_STANDARD = "gnu++0x";
				CLANG_CXX_LIBRARY = "libc++";
				CLANG_ENABLE_MODULES = YES;
				CLANG_ENABLE_OBJC_ARC = YES;
				CLANG_WARN_BLOCK_CAPTURE_AUTORELEASING = YES;
				CLANG_WARN_BOOL_CONVERSION = YES;
				CLANG_WARN_COMMA = YES;
				CLANG_WARN_CONSTANT_CONVERSION = YES;
				CLANG_WARN_DEPRECATED_OBJC_IMPLEMENTATIONS = YES;
				CLANG_WARN_DIRECT_OBJC_ISA_USAGE = YES_ERROR;
				CLANG_WARN_DOCUMENTATION_COMMENTS = YES;
				CLANG_WARN_EMPTY_BODY = YES;
				CLANG_WARN_ENUM_CONVERSION = YES;
				CLANG_WARN_INFINITE_RECURSION = YES;
				CLANG_WARN_INT_CONVERSION = YES;
				CLANG_WARN_NON_LITERAL_NULL_CONVERSION = YES;
				CLANG_WARN_OBJC_IMPLICIT_RETAIN_SELF = YES;
				CLANG_WARN_OBJC_LITERAL_CONVERSION = YES;
				CLANG_WARN_OBJC_ROOT_CLASS = YES_ERROR;
				CLANG_WARN_QUOTED_INCLUDE_IN_FRAMEWORK_HEADER = YES;
				CLANG_WARN_RANGE_LOOP_ANALYSIS = YES;
				CLANG_WARN_STRICT_PROTOTYPES = YES;
				CLANG_WARN_SUSPICIOUS_MOVE = YES;
				CLANG_WARN_UNREACHABLE_CODE = YES;
				CLANG_WARN__DUPLICATE_METHOD_MATCH = YES;
				"CODE_SIGN_IDENTITY[sdk=iphoneos*]" = "iPhone Developer";
				COPY_PHASE_STRIP = NO;
				DEBUG_INFORMATION_FORMAT = "dwarf-with-dsym";
				ENABLE_NS_ASSERTIONS = NO;
				ENABLE_STRICT_OBJC_MSGSEND = YES;
				GCC_C_LANGUAGE_STANDARD = gnu99;
				GCC_NO_COMMON_BLOCKS = YES;
				GCC_WARN_64_TO_32_BIT_CONVERSION = YES;
				GCC_WARN_ABOUT_RETURN_TYPE = YES_ERROR;
				GCC_WARN_UNDECLARED_SELECTOR = YES;
				GCC_WARN_UNINITIALIZED_AUTOS = YES_AGGRESSIVE;
				GCC_WARN_UNUSED_FUNCTION = YES;
				GCC_WARN_UNUSED_VARIABLE = YES;
				IPHONEOS_DEPLOYMENT_TARGET = 12.0;
				MTL_ENABLE_DEBUG_INFO = NO;
				SDKROOT = iphoneos;
				SWIFT_OPTIMIZATION_LEVEL = "-Owholemodule";
				TARGETED_DEVICE_FAMILY = "1,2";
				VALIDATE_PRODUCT = YES;
			};
			name = Release;
		};
		21B840A21ECBE41900509C8B /* Debug */ = {
			isa = XCBuildConfiguration;
			buildSettings = {
				ASSETCATALOG_COMPILER_APPICON_NAME = AppIcon;
				INFOPLIST_FILE = CAMediaTiming/Info.plist;
				LD_RUNPATH_SEARCH_PATHS = "$(inherited) @executable_path/Frameworks";
				PRODUCT_BUNDLE_IDENTIFIER = Mazy.CAMediaTiming;
				PRODUCT_NAME = "$(TARGET_NAME)";
				SWIFT_VERSION = 5.0;
			};
			name = Debug;
		};
		21B840A31ECBE41900509C8B /* Release */ = {
			isa = XCBuildConfiguration;
			buildSettings = {
				ASSETCATALOG_COMPILER_APPICON_NAME = AppIcon;
				INFOPLIST_FILE = CAMediaTiming/Info.plist;
				LD_RUNPATH_SEARCH_PATHS = "$(inherited) @executable_path/Frameworks";
				PRODUCT_BUNDLE_IDENTIFIER = Mazy.CAMediaTiming;
				PRODUCT_NAME = "$(TARGET_NAME)";
				SWIFT_VERSION = 5.0;
			};
			name = Release;
		};
/* End XCBuildConfiguration section */

/* Begin XCConfigurationList section */
		21B8408A1ECBE41900509C8B /* Build configuration list for PBXProject "CAMediaTiming" */ = {
			isa = XCConfigurationList;
			buildConfigurations = (
				21B8409F1ECBE41900509C8B /* Debug */,
				21B840A01ECBE41900509C8B /* Release */,
			);
			defaultConfigurationIsVisible = 0;
			defaultConfigurationName = Release;
		};
		21B840A11ECBE41900509C8B /* Build configuration list for PBXNativeTarget "CAMediaTiming" */ = {
			isa = XCConfigurationList;
			buildConfigurations = (
				21B840A21ECBE41900509C8B /* Debug */,
				21B840A31ECBE41900509C8B /* Release */,
			);
			defaultConfigurationIsVisible = 0;
			defaultConfigurationName = Release;
		};
/* End XCConfigurationList section */
	};
	rootObject = 21B840871ECBE41900509C8B /* Project object */;
}
